PODS:
  - AFNetworking (3.2.1):
    - AFNetworking/NSURLSession (= 3.2.1)
    - AFNetworking/Reachability (= 3.2.1)
    - AFNetworking/Security (= 3.2.1)
    - AFNetworking/Serialization (= 3.2.1)
    - AFNetworking/UIKit (= 3.2.1)
  - AFNetworking/NSURLSession (3.2.1):
    - AFNetworking/Reachability
    - AFNetworking/Security
    - AFNetworking/Serialization
  - AFNetworking/Reachability (3.2.1)
  - AFNetworking/Security (3.2.1)
  - AFNetworking/Serialization (3.2.1)
  - AFNetworking/UIKit (3.2.1):
    - AFNetworking/NSURLSession
  - CYLTabBarController (1.17.16)
  - DZNEmptyDataSet (1.8.1)
  - FDFullscreenPopGesture (1.1)
  - FLAnimatedImage (1.0.12)
  - libwebp (0.6.0):
    - libwebp/core (= 0.6.0)
    - libwebp/dec (= 0.6.0)
    - libwebp/demux (= 0.6.0)
    - libwebp/dsp (= 0.6.0)
    - libwebp/enc (= 0.6.0)
    - libwebp/mux (= 0.6.0)
    - libwebp/utils (= 0.6.0)
    - libwebp/webp (= 0.6.0)
  - libwebp/core (0.6.0):
    - libwebp/webp
  - libwebp/dec (0.6.0):
    - libwebp/core
  - libwebp/demux (0.6.0):
    - libwebp/core
  - libwebp/dsp (0.6.0):
    - libwebp/core
  - libwebp/enc (0.6.0):
    - libwebp/core
  - libwebp/mux (0.6.0):
    - libwebp/core
  - libwebp/utils (0.6.0):
    - libwebp/core
  - libwebp/webp (0.6.0)
  - LLKit (1.0.0):
    - FDFullscreenPopGesture
    - LLKit/HorizontalSelector (= 1.0.0)
    - LLKit/LLEvaluationStar (= 1.0.0)
    - LLKit/LLExpand (= 1.0.0)
    - LLKit/LLHud (= 1.0.0)
    - LLKit/LLMJRefreshControl (= 1.0.0)
    - LLKit/LLNavSegmentView (= 1.0.0)
    - LLKit/LLSlidePageScrollView (= 1.0.0)
    - LLKit/LLSwitch (= 1.0.0)
    - LLKit/LLUtility (= 1.0.0)
    - LLKit/LLWeb (= 1.0.0)
    - LLKit/LLWebp (= 1.0.0)
    - LLKit/TPKeyboardAvoiding (= 1.0.0)
  - LLKit/HorizontalSelector (1.0.0):
    - FDFullscreenPopGesture
    - YYKit
  - LLKit/LLEvaluationStar (1.0.0):
    - FDFullscreenPopGesture
  - LLKit/LLExpand (1.0.0):
    - FDFullscreenPopGesture
  - LLKit/LLHud (1.0.0):
    - FDFullscreenPopGesture
    - MBProgressHUD (~> 0.9.1)
  - LLKit/LLMJRefreshControl (1.0.0):
    - FDFullscreenPopGesture
    - MJRefresh
  - LLKit/LLNavSegmentView (1.0.0):
    - FDFullscreenPopGesture
  - LLKit/LLSlidePageScrollView (1.0.0):
    - FDFullscreenPopGesture
  - LLKit/LLSwitch (1.0.0):
    - FDFullscreenPopGesture
  - LLKit/LLUtility (1.0.0):
    - FDFullscreenPopGesture
  - LLKit/LLWeb (1.0.0):
    - FDFullscreenPopGesture
  - LLKit/LLWebp (1.0.0):
    - FDFullscreenPopGesture
    - libwebp
    - SDWebImage
    - SDWebImage/GIF
    - SDWebImage/WebP
  - LLKit/TPKeyboardAvoiding (1.0.0):
    - FDFullscreenPopGesture
  - LLNetworking (1.0.0):
    - YTKNetwork
  - Masonry (1.1.0)
  - MBProgressHUD (0.9.2)
  - MJRefresh (3.1.15.3)
  - SDCycleScrollView (1.75):
    - SDWebImage (>= 4.0.0)
  - SDWebImage (4.0.0):
    - SDWebImage/Core (= 4.0.0)
  - SDWebImage/Core (4.0.0)
  - SDWebImage/GIF (4.0.0):
    - FLAnimatedImage (~> 1.0)
    - SDWebImage/Core
  - SDWebImage/WebP (4.0.0):
    - libwebp
    - SDWebImage/Core
  - TYPagerController (2.1.2)
  - YTKNetwork (2.0.4):
    - AFNetworking (~> 3.0)
  - YYKit (1.0.9):
    - YYKit/no-arc (= 1.0.9)
  - YYKit/no-arc (1.0.9)

DEPENDENCIES:
  - CYLTabBarController
  - DZNEmptyDataSet
  - FDFullscreenPopGesture
  - libwebp (= 0.6.0)
  - LLKit (from `.`)
  - LLNetworking (from `https://github.com/LiGuanWen/LLNetworking.git`, branch `1.0.0`)
  - Masonry
  - MBProgressHUD (~> 0.9.1)
  - MJRefresh
  - SDCycleScrollView (~> 1.66)
  - SDWebImage (~> 4.0.0)
  - TYPagerController
  - YYKit

SPEC REPOS:
  https://github.com/cocoapods/specs.git:
    - AFNetworking
    - CYLTabBarController
    - DZNEmptyDataSet
    - FDFullscreenPopGesture
    - FLAnimatedImage
    - libwebp
    - Masonry
    - MBProgressHUD
    - MJRefresh
    - SDCycleScrollView
    - SDWebImage
    - TYPagerController
    - YTKNetwork
    - YYKit

EXTERNAL SOURCES:
  LLKit:
    :path: "."
  LLNetworking:
    :branch: 1.0.0
    :git: https://github.com/LiGuanWen/LLNetworking.git

CHECKOUT OPTIONS:
  LLNetworking:
    :commit: f65b46b6e788ff75be456f03522908993190539e
    :git: https://github.com/LiGuanWen/LLNetworking.git

SPEC CHECKSUMS:
  AFNetworking: b6f891fdfaed196b46c7a83cf209e09697b94057
  CYLTabBarController: fb72c648645336953d522407892c4f61b7b3f898
  DZNEmptyDataSet: 9525833b9e68ac21c30253e1d3d7076cc828eaa7
  FDFullscreenPopGesture: a8a620179e3d9c40e8e00256dcee1c1a27c6d0f0
  FLAnimatedImage: 4a0b56255d9b05f18b6dd7ee06871be5d3b89e31
  libwebp: 1d5a07c2eb97f9c31bd5f154bb82efc0ea67c6a2
  LLKit: e8a0e62cd0e8814da5625a7b8385fa27219bb558
  LLNetworking: 420fa09fcabaa8ea911f3b900e8d149781026d9a
  Masonry: 678fab65091a9290e40e2832a55e7ab731aad201
  MBProgressHUD: 1569cf7ace17a8bac47aabfbb8580a49690386d1
  MJRefresh: b48380ae2b927b46c4ef000de9adb8dc748e1df7
  SDCycleScrollView: 884b88f0266dd4708a0e1934975c69cb971707b1
  SDWebImage: 76a6348bdc74eb5a55dd08a091ef298e56b55e41
  TYPagerController: 262556ecef99986d26ed77fb1288a198ed42f4af
  YTKNetwork: df8a7a5597bda1664a4efaa7ef871a818a887fe0
  YYKit: 7cda43304a8dc3696c449041e2cb3107b4e236e7

PODFILE CHECKSUM: bc4bcfbe01ac743f6c82190693c5ec13acbe9e2d

COCOAPODS: 1.5.2
